github.com/davecgh/go-spew v1.1.0/go.mod h1:J7Y8YcW2NihsgmVo/mv3lAwl/skON4iLHjSsI+c5H38=
github.com/goinggo/workpool v0.0.0-20160208222607-a68376913c9b h1:aGCNYEiu0TrmnefQVPs128ttJAQ2a29LRpTiVkxsndQ=
github.com/goinggo/workpool v0.0.0-20160208222607-a68376913c9b/go.mod h1:XgUoGpBn/kP3a5P6BzxMiRSutc+ld9Adx7IJRmJfNJ4=
github.com/liyue201/gostl v1.0.1 h1:VQdvogZ90WpCb5WdG9UxS6r5ulnYEp8VfEMEZXVtpIs=
github.com/liyue201/gostl v1.0.1/go.mod h1:rgK+T1a0sQ1+CsAonfuD1J8C4iuGfOU9VAt9mmR/m10=
github.com/pmezard/go-difflib v1.0.0/go.mod h1:iKH77koFhYxTK1pcRnkKkqfTogsbg7gZNVY4sRDYZ/4=
github.com/stretchr/objx v0.1.0/go.mod h1:HFkY916IF+rwdDfMAkV7OtwuqBVzrE8GR6GFx+wExME=
github.com/stretchr/testify v1.4.0/go.mod h1:j7eGeouHqKxXV5pUuKE4zz7dFj8WfuZ+81PSLYec5m4=
gopkg.in/check.v1 v0.0.0-20161208181325-20d25e280405/go.mod h1:Co6ibVJAznAaIkqp8huTwlJQCZ016jof/cbN4VW5Yz0=
gopkg.in/yaml.v2 v2.2.2/go.mod h1:hI93XBmqTisBFMUTm0b8Fm+jr3Dg1NNxqwp+5A1VGuI=
